
Microsoft Visual Studio Solution File, Format Version 12.00
# Visual Studio Version 16
VisualStudioVersion = 16.0.29728.190
MinimumVisualStudioVersion = 10.0.40219.1
Project("{FAE04EC0-301F-11D3-BF4B-00C04F79EFBC}") = "WindowsFormsApp1", "WindowsFormsApp1\WindowsFormsApp1.csproj", "{B442866E-6E3E-4D0F-8E5A-80CF4245F56F}"
EndProject
Global
	GlobalSection(SolutionConfigurationPlatforms) = preSolution
		Debug|Any CPU = Debug|Any CPU
		Release|Any CPU = Release|Any CPU
	EndGlobalSection
	GlobalSection(ProjectConfigurationPlatforms) = postSolution
		{B442866E-6E3E-4D0F-8E5A-80CF4245F56F}.Debug|Any CPU.ActiveCfg = Debug|Any CPU
		{B442866E-6E3E-4D0F-8E5A-80CF4245F56F}.Debug|Any CPU.Build.0 = Debug|Any CPU
		{B442866E-6E3E-4D0F-8E5A-80CF4245F56F}.Release|Any CPU.ActiveCfg = Release|Any CPU
		{B442866E-6E3E-4D0F-8E5A-80CF4245F56F}.Release|Any CPU.Build.0 = Release|Any CPU
	EndGlobalSection
	GlobalSection(SolutionProperties) = preSolution
		HideSolutionNode = FALSE
	EndGlobalSection
	GlobalSection(ExtensibilityGlobals) = postSolution
		SolutionGuid = {659D8F84-06F2-4DCC-B70E-A85133A49785}
	EndGlobalSection
EndGlobal
